
Microsoft Visual Studio Solution File, Format Version 12.00
# Visual Studio Version 17
VisualStudioVersion = 17.4.33213.308
MinimumVisualStudioVersion = 10.0.40219.1
Project("{FAE04EC0-301F-11D3-BF4B-00C04F79EFBC}") = "SIMinfo.API", "SIMinfo.API\SIMinfo.API.csproj", "{12CD274A-9431-4A3A-BE56-BF8A5ACCCC3A}"
EndProject
Global
	GlobalSection(SolutionConfigurationPlatforms) = preSolution
		Debug|Any CPU = Debug|Any CPU
		Release|Any CPU = Release|Any CPU
	EndGlobalSection
	GlobalSection(ProjectConfigurationPlatforms) = postSolution
		{12CD274A-9431-4A3A-BE56-BF8A5ACCCC3A}.Debug|Any CPU.ActiveCfg = Debug|Any CPU
		{12CD274A-9431-4A3A-BE56-BF8A5ACCCC3A}.Debug|Any CPU.Build.0 = Debug|Any CPU
		{12CD274A-9431-4A3A-BE56-BF8A5ACCCC3A}.Release|Any CPU.ActiveCfg = Release|Any CPU
		{12CD274A-9431-4A3A-BE56-BF8A5ACCCC3A}.Release|Any CPU.Build.0 = Release|Any CPU
	EndGlobalSection
	GlobalSection(SolutionProperties) = preSolution
		HideSolutionNode = FALSE
	EndGlobalSection
	GlobalSection(ExtensibilityGlobals) = postSolution
		SolutionGuid = {862B343E-2A6F-4925-BA24-4697DF6ADFA5}
	EndGlobalSection
EndGlobal
